
Microsoft Visual Studio Solution File, Format Version 12.00
# Visual Studio Version 16
VisualStudioVersion = 16.0.30717.126
MinimumVisualStudioVersion = 10.0.40219.1
Project("{FAE04EC0-301F-11D3-BF4B-00C04F79EFBC}") = "CAP_TEAM05_2022", "CAP_TEAM05_2022\CAP_TEAM05_2022.csproj", "{95AED704-AF12-401B-90B5-892A3B334BCD}"
EndProject
Project("{FAE04EC0-301F-11D3-BF4B-00C04F79EFBC}") = "CAP_TEAM05_2022.Tests", "CAP_TEAM05_2022.Tests\CAP_TEAM05_2022.Tests.csproj", "{79BF9487-AEFC-4E74-9C05-514DA8996347}"
EndProject
Global
	GlobalSection(SolutionConfigurationPlatforms) = preSolution
		Debug|Any CPU = Debug|Any CPU
		Release|Any CPU = Release|Any CPU
	EndGlobalSection
	GlobalSection(ProjectConfigurationPlatforms) = postSolution
		{95AED704-AF12-401B-90B5-892A3B334BCD}.Debug|Any CPU.ActiveCfg = Debug|Any CPU
		{95AED704-AF12-401B-90B5-892A3B334BCD}.Debug|Any CPU.Build.0 = Debug|Any CPU
		{95AED704-AF12-401B-90B5-892A3B334BCD}.Release|Any CPU.ActiveCfg = Release|Any CPU
		{95AED704-AF12-401B-90B5-892A3B334BCD}.Release|Any CPU.Build.0 = Release|Any CPU
		{79BF9487-AEFC-4E74-9C05-514DA8996347}.Debug|Any CPU.ActiveCfg = Debug|Any CPU
		{79BF9487-AEFC-4E74-9C05-514DA8996347}.Debug|Any CPU.Build.0 = Debug|Any CPU
		{79BF9487-AEFC-4E74-9C05-514DA8996347}.Release|Any CPU.ActiveCfg = Release|Any CPU
		{79BF9487-AEFC-4E74-9C05-514DA8996347}.Release|Any CPU.Build.0 = Release|Any CPU
	EndGlobalSection
	GlobalSection(SolutionProperties) = preSolution
		HideSolutionNode = FALSE
	EndGlobalSection
	GlobalSection(ExtensibilityGlobals) = postSolution
		SolutionGuid = {DE9F2D5D-2948-4083-963E-55FE42AE3AF6}
	EndGlobalSection
EndGlobal
